// !$*UTF8*$!
{
	archiveVersion = 1;
	classes = {
	};
	objectVersion = 56;
	objects = {

/* Begin PBXBuildFile section */
		44157EA4298C682A0013D56D /* EssentialFeed.framework in Frameworks */ = {isa = PBXBuildFile; fileRef = 44157E9B298C682A0013D56D /* EssentialFeed.framework */; };
		44157EB4298C687A0013D56D /* FeedImage.swift in Sources */ = {isa = PBXBuildFile; fileRef = 44157EB3298C687A0013D56D /* FeedImage.swift */; };
		44157EB6298C6A840013D56D /* FeedLoader.swift in Sources */ = {isa = PBXBuildFile; fileRef = 44157EB5298C6A840013D56D /* FeedLoader.swift */; };
		44157ED6298DBFEA0013D56D /* LoadFeedFromRemoteUseCaseTests.swift in Sources */ = {isa = PBXBuildFile; fileRef = 44157ED5298DBFEA0013D56D /* LoadFeedFromRemoteUseCaseTests.swift */; };
		44157ED9298E50C60013D56D /* RemoteFeedLoader.swift in Sources */ = {isa = PBXBuildFile; fileRef = 44157ED8298E50C60013D56D /* RemoteFeedLoader.swift */; };
		441C34EF29F9DA55001B71D0 /* FeedStoreSpecs.swift in Sources */ = {isa = PBXBuildFile; fileRef = 441C34EE29F9DA55001B71D0 /* FeedStoreSpecs.swift */; };
		441C34F129F9DBBB001B71D0 /* XCTestCase+FeedStoreSpecs.swift in Sources */ = {isa = PBXBuildFile; fileRef = 441C34F029F9DBBB001B71D0 /* XCTestCase+FeedStoreSpecs.swift */; };
		4427948329EE99E300E75099 /* CodableFeedStoreTests.swift in Sources */ = {isa = PBXBuildFile; fileRef = 4427948229EE99E300E75099 /* CodableFeedStoreTests.swift */; };
		4427948829F72D5800E75099 /* CodableFeedStore.swift in Sources */ = {isa = PBXBuildFile; fileRef = 4427948729F72D5800E75099 /* CodableFeedStore.swift */; };
		4477CE6B29FCF1100083FA45 /* XCTestCase+FailableRetrieveFeedStoreSpecs.swift in Sources */ = {isa = PBXBuildFile; fileRef = 4477CE6A29FCF1100083FA45 /* XCTestCase+FailableRetrieveFeedStoreSpecs.swift */; };
		4477CE6D29FCF52F0083FA45 /* XCTestCase+FailableInsertFeedStoreSpecs.swift in Sources */ = {isa = PBXBuildFile; fileRef = 4477CE6C29FCF52F0083FA45 /* XCTestCase+FailableInsertFeedStoreSpecs.swift */; };
		4477CE6F29FCF96E0083FA45 /* XCTestCase+FailableDeleteFeedStoreSpecs.swift in Sources */ = {isa = PBXBuildFile; fileRef = 4477CE6E29FCF96E0083FA45 /* XCTestCase+FailableDeleteFeedStoreSpecs.swift */; };
		4477CE7229FD4F320083FA45 /* CoreDataFeedStoreTests.swift in Sources */ = {isa = PBXBuildFile; fileRef = 4477CE7129FD4F320083FA45 /* CoreDataFeedStoreTests.swift */; };
		4477CE7429FD50D90083FA45 /* CoreDataFeedStore.swift in Sources */ = {isa = PBXBuildFile; fileRef = 4477CE7329FD50D90083FA45 /* CoreDataFeedStore.swift */; };
		4477CE7729FD59550083FA45 /* FeedStore.xcdatamodeld in Sources */ = {isa = PBXBuildFile; fileRef = 4477CE7529FD59550083FA45 /* FeedStore.xcdatamodeld */; };
		4477CE7C29FFBC900083FA45 /* CoreDataHelpers.swift in Sources */ = {isa = PBXBuildFile; fileRef = 4477CE7B29FFBC900083FA45 /* CoreDataHelpers.swift */; };
		4477CE7E29FFBD4E0083FA45 /* ManagedCache.swift in Sources */ = {isa = PBXBuildFile; fileRef = 4477CE7D29FFBD4E0083FA45 /* ManagedCache.swift */; };
		4477CE8029FFBD810083FA45 /* ManagedFeedImage.swift in Sources */ = {isa = PBXBuildFile; fileRef = 4477CE7F29FFBD810083FA45 /* ManagedFeedImage.swift */; };
		4477CEA729FFCEA90083FA45 /* EssentialFeedCacheIntegrationTests.swift in Sources */ = {isa = PBXBuildFile; fileRef = 4477CEA629FFCEA90083FA45 /* EssentialFeedCacheIntegrationTests.swift */; };
		4477CEA829FFCEA90083FA45 /* EssentialFeed.framework in Frameworks */ = {isa = PBXBuildFile; fileRef = 44157E9B298C682A0013D56D /* EssentialFeed.framework */; };
		4477CEAF29FFD9570083FA45 /* XCTestCase+MemoryLeakTracking.swift in Sources */ = {isa = PBXBuildFile; fileRef = 44D463FB29A192E1001C91A0 /* XCTestCase+MemoryLeakTracking.swift */; };
		4477CEB129FFF1E00083FA45 /* SharedTestHelpers.swift in Sources */ = {isa = PBXBuildFile; fileRef = 44FC56F829EA962F008B265F /* SharedTestHelpers.swift */; };
		4477CEB229FFF1E50083FA45 /* FeedCacheTestHelpers.swift in Sources */ = {isa = PBXBuildFile; fileRef = 44FC56F629EA92B1008B265F /* FeedCacheTestHelpers.swift */; };
		447AEA292995996F00969AFF /* HTTPClient.swift in Sources */ = {isa = PBXBuildFile; fileRef = 447AEA282995996F00969AFF /* HTTPClient.swift */; };
		447AEA2B29959A3D00969AFF /* FeedItemsMapper.swift in Sources */ = {isa = PBXBuildFile; fileRef = 447AEA2A29959A3D00969AFF /* FeedItemsMapper.swift */; };
		447AEA39299833BC00969AFF /* URLSessionHTTPClientTests.swift in Sources */ = {isa = PBXBuildFile; fileRef = 447AEA38299833BC00969AFF /* URLSessionHTTPClientTests.swift */; };
		44D463FC29A192E1001C91A0 /* XCTestCase+MemoryLeakTracking.swift in Sources */ = {isa = PBXBuildFile; fileRef = 44D463FB29A192E1001C91A0 /* XCTestCase+MemoryLeakTracking.swift */; };
		44F22BBF29A8343800397569 /* URLSessionHTTPClient.swift in Sources */ = {isa = PBXBuildFile; fileRef = 44F22BBE29A8343800397569 /* URLSessionHTTPClient.swift */; };
		44FC56B029D8167D008B265F /* EssentialFeedAPIEndToEndTests.swift in Sources */ = {isa = PBXBuildFile; fileRef = 44FC56AF29D8167D008B265F /* EssentialFeedAPIEndToEndTests.swift */; };
		44FC56B129D8167D008B265F /* EssentialFeed.framework in Frameworks */ = {isa = PBXBuildFile; fileRef = 44157E9B298C682A0013D56D /* EssentialFeed.framework */; };
		44FC56B729D824FC008B265F /* XCTestCase+MemoryLeakTracking.swift in Sources */ = {isa = PBXBuildFile; fileRef = 44D463FB29A192E1001C91A0 /* XCTestCase+MemoryLeakTracking.swift */; };
		44FC56BA29D89539008B265F /* CacheFeedUseCaseTests.swift in Sources */ = {isa = PBXBuildFile; fileRef = 44FC56B929D89539008B265F /* CacheFeedUseCaseTests.swift */; };
		44FC56E829E41C69008B265F /* LocalFeedLoader.swift in Sources */ = {isa = PBXBuildFile; fileRef = 44FC56E729E41C69008B265F /* LocalFeedLoader.swift */; };
		44FC56EA29E41D9E008B265F /* FeedStore.swift in Sources */ = {isa = PBXBuildFile; fileRef = 44FC56E929E41D9E008B265F /* FeedStore.swift */; };
		44FC56EC29E5C83F008B265F /* LocalFeedImage.swift in Sources */ = {isa = PBXBuildFile; fileRef = 44FC56EB29E5C83F008B265F /* LocalFeedImage.swift */; };
		44FC56EE29E5C87B008B265F /* RemoteFeedItem.swift in Sources */ = {isa = PBXBuildFile; fileRef = 44FC56ED29E5C87B008B265F /* RemoteFeedItem.swift */; };
		44FC56F029E5DD56008B265F /* LoadFeedUseCaseTests.swift in Sources */ = {isa = PBXBuildFile; fileRef = 44FC56EF29E5DD56008B265F /* LoadFeedUseCaseTests.swift */; };
		44FC56F229E6A9F9008B265F /* FeedStoreSpy.swift in Sources */ = {isa = PBXBuildFile; fileRef = 44FC56F129E6A9F9008B265F /* FeedStoreSpy.swift */; };
		44FC56F429E84E78008B265F /* ValidateCacheUseCaseTests.swift in Sources */ = {isa = PBXBuildFile; fileRef = 44FC56F329E84E78008B265F /* ValidateCacheUseCaseTests.swift */; };
		44FC56F729EA92B1008B265F /* FeedCacheTestHelpers.swift in Sources */ = {isa = PBXBuildFile; fileRef = 44FC56F629EA92B1008B265F /* FeedCacheTestHelpers.swift */; };
		44FC56F929EA962F008B265F /* SharedTestHelpers.swift in Sources */ = {isa = PBXBuildFile; fileRef = 44FC56F829EA962F008B265F /* SharedTestHelpers.swift */; };
		44FC56FB29EC3365008B265F /* FeedCachePolicy.swift in Sources */ = {isa = PBXBuildFile; fileRef = 44FC56FA29EC3365008B265F /* FeedCachePolicy.swift */; };
/* End PBXBuildFile section */

/* Begin PBXContainerItemProxy section */
		44157EA5298C682A0013D56D /* PBXContainerItemProxy */ = {
			isa = PBXContainerItemProxy;
			containerPortal = 44157E92298C682A0013D56D /* Project object */;
			proxyType = 1;
			remoteGlobalIDString = 44157E9A298C682A0013D56D;
			remoteInfo = EssentialFeed;
		};
		4477CEA929FFCEA90083FA45 /* PBXContainerItemProxy */ = {
			isa = PBXContainerItemProxy;
			containerPortal = 44157E92298C682A0013D56D /* Project object */;
			proxyType = 1;
			remoteGlobalIDString = 44157E9A298C682A0013D56D;
			remoteInfo = EssentialFeed;
		};
		44FC56B229D8167D008B265F /* PBXContainerItemProxy */ = {
			isa = PBXContainerItemProxy;
			containerPortal = 44157E92298C682A0013D56D /* Project object */;
			proxyType = 1;
			remoteGlobalIDString = 44157E9A298C682A0013D56D;
			remoteInfo = EssentialFeed;
		};
/* End PBXContainerItemProxy section */

/* Begin PBXFileReference section */
		44157E9B298C682A0013D56D /* EssentialFeed.framework */ = {isa = PBXFileReference; explicitFileType = wrapper.framework; includeInIndex = 0; path = EssentialFeed.framework; sourceTree = BUILT_PRODUCTS_DIR; };
		44157EA3298C682A0013D56D /* EssentialFeedTests.xctest */ = {isa = PBXFileReference; explicitFileType = wrapper.cfbundle; includeInIndex = 0; path = EssentialFeedTests.xctest; sourceTree = BUILT_PRODUCTS_DIR; };
		44157EB3298C687A0013D56D /* FeedImage.swift */ = {isa = PBXFileReference; lastKnownFileType = sourcecode.swift; path = FeedImage.swift; sourceTree = "<group>"; };
		44157EB5298C6A840013D56D /* FeedLoader.swift */ = {isa = PBXFileReference; lastKnownFileType = sourcecode.swift; path = FeedLoader.swift; sourceTree = "<group>"; };
		44157ED5298DBFEA0013D56D /* LoadFeedFromRemoteUseCaseTests.swift */ = {isa = PBXFileReference; lastKnownFileType = sourcecode.swift; path = LoadFeedFromRemoteUseCaseTests.swift; sourceTree = "<group>"; };
		44157ED8298E50C60013D56D /* RemoteFeedLoader.swift */ = {isa = PBXFileReference; lastKnownFileType = sourcecode.swift; path = RemoteFeedLoader.swift; sourceTree = "<group>"; };
		441C34EE29F9DA55001B71D0 /* FeedStoreSpecs.swift */ = {isa = PBXFileReference; lastKnownFileType = sourcecode.swift; path = FeedStoreSpecs.swift; sourceTree = "<group>"; };
		441C34F029F9DBBB001B71D0 /* XCTestCase+FeedStoreSpecs.swift */ = {isa = PBXFileReference; lastKnownFileType = sourcecode.swift; path = "XCTestCase+FeedStoreSpecs.swift"; sourceTree = "<group>"; };
		4427948229EE99E300E75099 /* CodableFeedStoreTests.swift */ = {isa = PBXFileReference; lastKnownFileType = sourcecode.swift; path = CodableFeedStoreTests.swift; sourceTree = "<group>"; };
		4427948729F72D5800E75099 /* CodableFeedStore.swift */ = {isa = PBXFileReference; lastKnownFileType = sourcecode.swift; path = CodableFeedStore.swift; sourceTree = "<group>"; };
		4477CE6A29FCF1100083FA45 /* XCTestCase+FailableRetrieveFeedStoreSpecs.swift */ = {isa = PBXFileReference; lastKnownFileType = sourcecode.swift; path = "XCTestCase+FailableRetrieveFeedStoreSpecs.swift"; sourceTree = "<group>"; };
		4477CE6C29FCF52F0083FA45 /* XCTestCase+FailableInsertFeedStoreSpecs.swift */ = {isa = PBXFileReference; lastKnownFileType = sourcecode.swift; path = "XCTestCase+FailableInsertFeedStoreSpecs.swift"; sourceTree = "<group>"; };
		4477CE6E29FCF96E0083FA45 /* XCTestCase+FailableDeleteFeedStoreSpecs.swift */ = {isa = PBXFileReference; lastKnownFileType = sourcecode.swift; path = "XCTestCase+FailableDeleteFeedStoreSpecs.swift"; sourceTree = "<group>"; };
		4477CE7129FD4F320083FA45 /* CoreDataFeedStoreTests.swift */ = {isa = PBXFileReference; lastKnownFileType = sourcecode.swift; path = CoreDataFeedStoreTests.swift; sourceTree = "<group>"; };
		4477CE7329FD50D90083FA45 /* CoreDataFeedStore.swift */ = {isa = PBXFileReference; lastKnownFileType = sourcecode.swift; path = CoreDataFeedStore.swift; sourceTree = "<group>"; };
		4477CE7629FD59550083FA45 /* FeedStore.xcdatamodel */ = {isa = PBXFileReference; lastKnownFileType = wrapper.xcdatamodel; path = FeedStore.xcdatamodel; sourceTree = "<group>"; };
		4477CE7B29FFBC900083FA45 /* CoreDataHelpers.swift */ = {isa = PBXFileReference; lastKnownFileType = sourcecode.swift; path = CoreDataHelpers.swift; sourceTree = "<group>"; };
		4477CE7D29FFBD4E0083FA45 /* ManagedCache.swift */ = {isa = PBXFileReference; lastKnownFileType = sourcecode.swift; path = ManagedCache.swift; sourceTree = "<group>"; };
		4477CE7F29FFBD810083FA45 /* ManagedFeedImage.swift */ = {isa = PBXFileReference; lastKnownFileType = sourcecode.swift; path = ManagedFeedImage.swift; sourceTree = "<group>"; };
		4477CEA429FFCEA90083FA45 /* EssentialFeedCacheIntegrationTests.xctest */ = {isa = PBXFileReference; explicitFileType = wrapper.cfbundle; includeInIndex = 0; path = EssentialFeedCacheIntegrationTests.xctest; sourceTree = BUILT_PRODUCTS_DIR; };
		4477CEA629FFCEA90083FA45 /* EssentialFeedCacheIntegrationTests.swift */ = {isa = PBXFileReference; lastKnownFileType = sourcecode.swift; path = EssentialFeedCacheIntegrationTests.swift; sourceTree = "<group>"; };
		4477CEAE29FFD0680083FA45 /* EssentialFeedCacheIntegrationTests.xctestplan */ = {isa = PBXFileReference; lastKnownFileType = text; path = EssentialFeedCacheIntegrationTests.xctestplan; sourceTree = "<group>"; };
		447AEA282995996F00969AFF /* HTTPClient.swift */ = {isa = PBXFileReference; lastKnownFileType = sourcecode.swift; path = HTTPClient.swift; sourceTree = "<group>"; };
		447AEA2A29959A3D00969AFF /* FeedItemsMapper.swift */ = {isa = PBXFileReference; lastKnownFileType = sourcecode.swift; path = FeedItemsMapper.swift; sourceTree = "<group>"; };
		447AEA38299833BC00969AFF /* URLSessionHTTPClientTests.swift */ = {isa = PBXFileReference; lastKnownFileType = sourcecode.swift; path = URLSessionHTTPClientTests.swift; sourceTree = "<group>"; };
		44D463FB29A192E1001C91A0 /* XCTestCase+MemoryLeakTracking.swift */ = {isa = PBXFileReference; lastKnownFileType = sourcecode.swift; path = "XCTestCase+MemoryLeakTracking.swift"; sourceTree = "<group>"; };
		44F22BBE29A8343800397569 /* URLSessionHTTPClient.swift */ = {isa = PBXFileReference; lastKnownFileType = sourcecode.swift; path = URLSessionHTTPClient.swift; sourceTree = "<group>"; };
		44FC56AD29D8167D008B265F /* EssentialFeedAPIEndToEndTests.xctest */ = {isa = PBXFileReference; explicitFileType = wrapper.cfbundle; includeInIndex = 0; path = EssentialFeedAPIEndToEndTests.xctest; sourceTree = BUILT_PRODUCTS_DIR; };
		44FC56AF29D8167D008B265F /* EssentialFeedAPIEndToEndTests.swift */ = {isa = PBXFileReference; lastKnownFileType = sourcecode.swift; path = EssentialFeedAPIEndToEndTests.swift; sourceTree = "<group>"; };
		44FC56B929D89539008B265F /* CacheFeedUseCaseTests.swift */ = {isa = PBXFileReference; lastKnownFileType = sourcecode.swift; path = CacheFeedUseCaseTests.swift; sourceTree = "<group>"; };
		44FC56E729E41C69008B265F /* LocalFeedLoader.swift */ = {isa = PBXFileReference; lastKnownFileType = sourcecode.swift; path = LocalFeedLoader.swift; sourceTree = "<group>"; };
		44FC56E929E41D9E008B265F /* FeedStore.swift */ = {isa = PBXFileReference; lastKnownFileType = sourcecode.swift; path = FeedStore.swift; sourceTree = "<group>"; };
		44FC56EB29E5C83F008B265F /* LocalFeedImage.swift */ = {isa = PBXFileReference; lastKnownFileType = sourcecode.swift; path = LocalFeedImage.swift; sourceTree = "<group>"; };
		44FC56ED29E5C87B008B265F /* RemoteFeedItem.swift */ = {isa = PBXFileReference; lastKnownFileType = sourcecode.swift; path = RemoteFeedItem.swift; sourceTree = "<group>"; };
		44FC56EF29E5DD56008B265F /* LoadFeedUseCaseTests.swift */ = {isa = PBXFileReference; lastKnownFileType = sourcecode.swift; path = LoadFeedUseCaseTests.swift; sourceTree = "<group>"; };
		44FC56F129E6A9F9008B265F /* FeedStoreSpy.swift */ = {isa = PBXFileReference; lastKnownFileType = sourcecode.swift; path = FeedStoreSpy.swift; sourceTree = "<group>"; };
		44FC56F329E84E78008B265F /* ValidateCacheUseCaseTests.swift */ = {isa = PBXFileReference; lastKnownFileType = sourcecode.swift; path = ValidateCacheUseCaseTests.swift; sourceTree = "<group>"; };
		44FC56F629EA92B1008B265F /* FeedCacheTestHelpers.swift */ = {isa = PBXFileReference; lastKnownFileType = sourcecode.swift; path = FeedCacheTestHelpers.swift; sourceTree = "<group>"; };
		44FC56F829EA962F008B265F /* SharedTestHelpers.swift */ = {isa = PBXFileReference; lastKnownFileType = sourcecode.swift; path = SharedTestHelpers.swift; sourceTree = "<group>"; };
		44FC56FA29EC3365008B265F /* FeedCachePolicy.swift */ = {isa = PBXFileReference; lastKnownFileType = sourcecode.swift; path = FeedCachePolicy.swift; sourceTree = "<group>"; };
/* End PBXFileReference section */

/* Begin PBXFrameworksBuildPhase section */
		44157E98298C682A0013D56D /* Frameworks */ = {
			isa = PBXFrameworksBuildPhase;
			buildActionMask = 2147483647;
			files = (
			);
			runOnlyForDeploymentPostprocessing = 0;
		};
		44157EA0298C682A0013D56D /* Frameworks */ = {
			isa = PBXFrameworksBuildPhase;
			buildActionMask = 2147483647;
			files = (
				44157EA4298C682A0013D56D /* EssentialFeed.framework in Frameworks */,
			);
			runOnlyForDeploymentPostprocessing = 0;
		};
		4477CEA129FFCEA90083FA45 /* Frameworks */ = {
			isa = PBXFrameworksBuildPhase;
			buildActionMask = 2147483647;
			files = (
				4477CEA829FFCEA90083FA45 /* EssentialFeed.framework in Frameworks */,
			);
			runOnlyForDeploymentPostprocessing = 0;
		};
		44FC56AA29D8167D008B265F /* Frameworks */ = {
			isa = PBXFrameworksBuildPhase;
			buildActionMask = 2147483647;
			files = (
				44FC56B129D8167D008B265F /* EssentialFeed.framework in Frameworks */,
			);
			runOnlyForDeploymentPostprocessing = 0;
		};
/* End PBXFrameworksBuildPhase section */

/* Begin PBXGroup section */
		44157E91298C682A0013D56D = {
			isa = PBXGroup;
			children = (
				44157E9D298C682A0013D56D /* EssentialFeed */,
				44157EA7298C682A0013D56D /* EssentialFeedTests */,
				44FC56AE29D8167D008B265F /* EssentialFeedAPIEndToEndTests */,
				4477CEA529FFCEA90083FA45 /* EssentialFeedCacheIntegrationTests */,
				44157E9C298C682A0013D56D /* Products */,
			);
			sourceTree = "<group>";
		};
		44157E9C298C682A0013D56D /* Products */ = {
			isa = PBXGroup;
			children = (
				44157E9B298C682A0013D56D /* EssentialFeed.framework */,
				44157EA3298C682A0013D56D /* EssentialFeedTests.xctest */,
				44FC56AD29D8167D008B265F /* EssentialFeedAPIEndToEndTests.xctest */,
				4477CEA429FFCEA90083FA45 /* EssentialFeedCacheIntegrationTests.xctest */,
			);
			name = Products;
			sourceTree = "<group>";
		};
		44157E9D298C682A0013D56D /* EssentialFeed */ = {
			isa = PBXGroup;
			children = (
				44157ED7298E509D0013D56D /* FeedAPI */,
				44FC56E629E41C4F008B265F /* FeedCache */,
				44157EB8298C6C9C0013D56D /* FeedFeature */,
			);
			path = EssentialFeed;
			sourceTree = "<group>";
		};
		44157EA7298C682A0013D56D /* EssentialFeedTests */ = {
			isa = PBXGroup;
			children = (
				44D463FA29A192A4001C91A0 /* Helpers */,
				44FC56B829D894F5008B265F /* Feed Cache */,
				447AEA2C2995B49A00969AFF /* Feed API */,
			);
			path = EssentialFeedTests;
			sourceTree = "<group>";
		};
		44157EB8298C6C9C0013D56D /* FeedFeature */ = {
			isa = PBXGroup;
			children = (
				44157EB3298C687A0013D56D /* FeedImage.swift */,
				44157EB5298C6A840013D56D /* FeedLoader.swift */,
			);
			path = FeedFeature;
			sourceTree = "<group>";
		};
		44157ED7298E509D0013D56D /* FeedAPI */ = {
			isa = PBXGroup;
			children = (
				44157ED8298E50C60013D56D /* RemoteFeedLoader.swift */,
				447AEA2A29959A3D00969AFF /* FeedItemsMapper.swift */,
				44FC56ED29E5C87B008B265F /* RemoteFeedItem.swift */,
				447AEA282995996F00969AFF /* HTTPClient.swift */,
				44F22BBE29A8343800397569 /* URLSessionHTTPClient.swift */,
			);
			path = FeedAPI;
			sourceTree = "<group>";
		};
		4477CE7029FCFB1B0083FA45 /* FeedStoreSpecs */ = {
			isa = PBXGroup;
			children = (
				441C34EE29F9DA55001B71D0 /* FeedStoreSpecs.swift */,
				441C34F029F9DBBB001B71D0 /* XCTestCase+FeedStoreSpecs.swift */,
				4477CE6A29FCF1100083FA45 /* XCTestCase+FailableRetrieveFeedStoreSpecs.swift */,
				4477CE6C29FCF52F0083FA45 /* XCTestCase+FailableInsertFeedStoreSpecs.swift */,
				4477CE6E29FCF96E0083FA45 /* XCTestCase+FailableDeleteFeedStoreSpecs.swift */,
			);
			path = FeedStoreSpecs;
			sourceTree = "<group>";
		};
		4477CE7829FFBB160083FA45 /* Infrastructure */ = {
			isa = PBXGroup;
			children = (
				4477CE7A29FFBC020083FA45 /* Codable */,
				4477CE7929FFBB2A0083FA45 /* CoreData */,
			);
			path = Infrastructure;
			sourceTree = "<group>";
		};
		4477CE7929FFBB2A0083FA45 /* CoreData */ = {
			isa = PBXGroup;
			children = (
				4477CE7329FD50D90083FA45 /* CoreDataFeedStore.swift */,
				4477CE7B29FFBC900083FA45 /* CoreDataHelpers.swift */,
				4477CE7D29FFBD4E0083FA45 /* ManagedCache.swift */,
				4477CE7F29FFBD810083FA45 /* ManagedFeedImage.swift */,
				4477CE7529FD59550083FA45 /* FeedStore.xcdatamodeld */,
			);
			path = CoreData;
			sourceTree = "<group>";
		};
		4477CE7A29FFBC020083FA45 /* Codable */ = {
			isa = PBXGroup;
			children = (
				4427948729F72D5800E75099 /* CodableFeedStore.swift */,
			);
			path = Codable;
			sourceTree = "<group>";
		};
		4477CEA529FFCEA90083FA45 /* EssentialFeedCacheIntegrationTests */ = {
			isa = PBXGroup;
			children = (
				4477CEA629FFCEA90083FA45 /* EssentialFeedCacheIntegrationTests.swift */,
				4477CEAE29FFD0680083FA45 /* EssentialFeedCacheIntegrationTests.xctestplan */,
			);
			path = EssentialFeedCacheIntegrationTests;
			sourceTree = "<group>";
		};
		447AEA2C2995B49A00969AFF /* Feed API */ = {
			isa = PBXGroup;
			children = (
				44157ED5298DBFEA0013D56D /* LoadFeedFromRemoteUseCaseTests.swift */,
				447AEA38299833BC00969AFF /* URLSessionHTTPClientTests.swift */,
			);
			path = "Feed API";
			sourceTree = "<group>";
		};
		44D463FA29A192A4001C91A0 /* Helpers */ = {
			isa = PBXGroup;
			children = (
				44D463FB29A192E1001C91A0 /* XCTestCase+MemoryLeakTracking.swift */,
				44FC56F829EA962F008B265F /* SharedTestHelpers.swift */,
			);
			path = Helpers;
			sourceTree = "<group>";
		};
		44FC56AE29D8167D008B265F /* EssentialFeedAPIEndToEndTests */ = {
			isa = PBXGroup;
			children = (
				44FC56AF29D8167D008B265F /* EssentialFeedAPIEndToEndTests.swift */,
			);
			path = EssentialFeedAPIEndToEndTests;
			sourceTree = "<group>";
		};
		44FC56B829D894F5008B265F /* Feed Cache */ = {
			isa = PBXGroup;
			children = (
				44FC56F529EA9297008B265F /* Helpers */,
				44FC56B929D89539008B265F /* CacheFeedUseCaseTests.swift */,
				44FC56EF29E5DD56008B265F /* LoadFeedUseCaseTests.swift */,
				44FC56F329E84E78008B265F /* ValidateCacheUseCaseTests.swift */,
				4427948229EE99E300E75099 /* CodableFeedStoreTests.swift */,
				4477CE7129FD4F320083FA45 /* CoreDataFeedStoreTests.swift */,
				4477CE7029FCFB1B0083FA45 /* FeedStoreSpecs */,
			);
			path = "Feed Cache";
			sourceTree = "<group>";
		};
		44FC56E629E41C4F008B265F /* FeedCache */ = {
			isa = PBXGroup;
			children = (
				44FC56E729E41C69008B265F /* LocalFeedLoader.swift */,
				44FC56E929E41D9E008B265F /* FeedStore.swift */,
				44FC56EB29E5C83F008B265F /* LocalFeedImage.swift */,
				44FC56FA29EC3365008B265F /* FeedCachePolicy.swift */,
				4477CE7829FFBB160083FA45 /* Infrastructure */,
			);
			path = FeedCache;
			sourceTree = "<group>";
		};
		44FC56F529EA9297008B265F /* Helpers */ = {
			isa = PBXGroup;
			children = (
				44FC56F129E6A9F9008B265F /* FeedStoreSpy.swift */,
				44FC56F629EA92B1008B265F /* FeedCacheTestHelpers.swift */,
			);
			path = Helpers;
			sourceTree = "<group>";
		};
/* End PBXGroup section */

/* Begin PBXHeadersBuildPhase section */
		44157E96298C682A0013D56D /* Headers */ = {
			isa = PBXHeadersBuildPhase;
			buildActionMask = 2147483647;
			files = (
			);
			runOnlyForDeploymentPostprocessing = 0;
		};
/* End PBXHeadersBuildPhase section */

/* Begin PBXNativeTarget section */
		44157E9A298C682A0013D56D /* EssentialFeed */ = {
			isa = PBXNativeTarget;
			buildConfigurationList = 44157EAD298C682A0013D56D /* Build configuration list for PBXNativeTarget "EssentialFeed" */;
			buildPhases = (
				44157E96298C682A0013D56D /* Headers */,
				44157E97298C682A0013D56D /* Sources */,
				44157E98298C682A0013D56D /* Frameworks */,
				44157E99298C682A0013D56D /* Resources */,
			);
			buildRules = (
			);
			dependencies = (
			);
			name = EssentialFeed;
			productName = EssentialFeed;
			productReference = 44157E9B298C682A0013D56D /* EssentialFeed.framework */;
			productType = "com.apple.product-type.framework";
		};
		44157EA2298C682A0013D56D /* EssentialFeedTests */ = {
			isa = PBXNativeTarget;
			buildConfigurationList = 44157EB0298C682A0013D56D /* Build configuration list for PBXNativeTarget "EssentialFeedTests" */;
			buildPhases = (
				44157E9F298C682A0013D56D /* Sources */,
				44157EA0298C682A0013D56D /* Frameworks */,
				44157EA1298C682A0013D56D /* Resources */,
			);
			buildRules = (
			);
			dependencies = (
				44157EA6298C682A0013D56D /* PBXTargetDependency */,
			);
			name = EssentialFeedTests;
			productName = EssentialFeedTests;
			productReference = 44157EA3298C682A0013D56D /* EssentialFeedTests.xctest */;
			productType = "com.apple.product-type.bundle.unit-test";
		};
		4477CEA329FFCEA90083FA45 /* EssentialFeedCacheIntegrationTests */ = {
			isa = PBXNativeTarget;
			buildConfigurationList = 4477CEAD29FFCEA90083FA45 /* Build configuration list for PBXNativeTarget "EssentialFeedCacheIntegrationTests" */;
			buildPhases = (
				4477CEA029FFCEA90083FA45 /* Sources */,
				4477CEA129FFCEA90083FA45 /* Frameworks */,
				4477CEA229FFCEA90083FA45 /* Resources */,
			);
			buildRules = (
			);
			dependencies = (
				4477CEAA29FFCEA90083FA45 /* PBXTargetDependency */,
			);
			name = EssentialFeedCacheIntegrationTests;
			productName = EssentialFeedCacheIntegrationTests;
			productReference = 4477CEA429FFCEA90083FA45 /* EssentialFeedCacheIntegrationTests.xctest */;
			productType = "com.apple.product-type.bundle.unit-test";
		};
		44FC56AC29D8167D008B265F /* EssentialFeedAPIEndToEndTests */ = {
			isa = PBXNativeTarget;
			buildConfigurationList = 44FC56B629D8167D008B265F /* Build configuration list for PBXNativeTarget "EssentialFeedAPIEndToEndTests" */;
			buildPhases = (
				44FC56A929D8167D008B265F /* Sources */,
				44FC56AA29D8167D008B265F /* Frameworks */,
				44FC56AB29D8167D008B265F /* Resources */,
			);
			buildRules = (
			);
			dependencies = (
				44FC56B329D8167D008B265F /* PBXTargetDependency */,
			);
			name = EssentialFeedAPIEndToEndTests;
			productName = EssentialFeedAPIEndToEndTests;
			productReference = 44FC56AD29D8167D008B265F /* EssentialFeedAPIEndToEndTests.xctest */;
			productType = "com.apple.product-type.bundle.unit-test";
		};
/* End PBXNativeTarget section */

/* Begin PBXProject section */
		44157E92298C682A0013D56D /* Project object */ = {
			isa = PBXProject;
			attributes = {
				BuildIndependentTargetsInParallel = 1;
				LastSwiftUpdateCheck = 1430;
				LastUpgradeCheck = 1420;
				TargetAttributes = {
					44157E9A298C682A0013D56D = {
						CreatedOnToolsVersion = 14.2;
						LastSwiftMigration = 1420;
					};
					44157EA2298C682A0013D56D = {
						CreatedOnToolsVersion = 14.2;
					};
					4477CEA329FFCEA90083FA45 = {
						CreatedOnToolsVersion = 14.3;
					};
					44FC56AC29D8167D008B265F = {
						CreatedOnToolsVersion = 14.2;
					};
				};
			};
			buildConfigurationList = 44157E95298C682A0013D56D /* Build configuration list for PBXProject "EssentialFeed" */;
			compatibilityVersion = "Xcode 14.0";
			developmentRegion = en;
			hasScannedForEncodings = 0;
			knownRegions = (
				en,
				Base,
			);
			mainGroup = 44157E91298C682A0013D56D;
			productRefGroup = 44157E9C298C682A0013D56D /* Products */;
			projectDirPath = "";
			projectRoot = "";
			targets = (
				44157E9A298C682A0013D56D /* EssentialFeed */,
				44157EA2298C682A0013D56D /* EssentialFeedTests */,
				44FC56AC29D8167D008B265F /* EssentialFeedAPIEndToEndTests */,
				4477CEA329FFCEA90083FA45 /* EssentialFeedCacheIntegrationTests */,
			);
		};
/* End PBXProject section */

/* Begin PBXResourcesBuildPhase section */
		44157E99298C682A0013D56D /* Resources */ = {
			isa = PBXResourcesBuildPhase;
			buildActionMask = 2147483647;
			files = (
			);
			runOnlyForDeploymentPostprocessing = 0;
		};
		44157EA1298C682A0013D56D /* Resources */ = {
			isa = PBXResourcesBuildPhase;
			buildActionMask = 2147483647;
			files = (
			);
			runOnlyForDeploymentPostprocessing = 0;
		};
		4477CEA229FFCEA90083FA45 /* Resources */ = {
			isa = PBXResourcesBuildPhase;
			buildActionMask = 2147483647;
			files = (
			);
			runOnlyForDeploymentPostprocessing = 0;
		};
		44FC56AB29D8167D008B265F /* Resources */ = {
			isa = PBXResourcesBuildPhase;
			buildActionMask = 2147483647;
			files = (
			);
			runOnlyForDeploymentPostprocessing = 0;
		};
/* End PBXResourcesBuildPhase section */

/* Begin PBXSourcesBuildPhase section */
		44157E97298C682A0013D56D /* Sources */ = {
			isa = PBXSourcesBuildPhase;
			buildActionMask = 2147483647;
			files = (
				4477CE7C29FFBC900083FA45 /* CoreDataHelpers.swift in Sources */,
				44FC56E829E41C69008B265F /* LocalFeedLoader.swift in Sources */,
				447AEA2B29959A3D00969AFF /* FeedItemsMapper.swift in Sources */,
				44157EB6298C6A840013D56D /* FeedLoader.swift in Sources */,
				44FC56FB29EC3365008B265F /* FeedCachePolicy.swift in Sources */,
				44FC56EC29E5C83F008B265F /* LocalFeedImage.swift in Sources */,
				4477CE7729FD59550083FA45 /* FeedStore.xcdatamodeld in Sources */,
				44FC56EA29E41D9E008B265F /* FeedStore.swift in Sources */,
				44157ED9298E50C60013D56D /* RemoteFeedLoader.swift in Sources */,
				44FC56EE29E5C87B008B265F /* RemoteFeedItem.swift in Sources */,
				4427948829F72D5800E75099 /* CodableFeedStore.swift in Sources */,
				447AEA292995996F00969AFF /* HTTPClient.swift in Sources */,
				44157EB4298C687A0013D56D /* FeedImage.swift in Sources */,
				44F22BBF29A8343800397569 /* URLSessionHTTPClient.swift in Sources */,
				4477CE7E29FFBD4E0083FA45 /* ManagedCache.swift in Sources */,
				4477CE7429FD50D90083FA45 /* CoreDataFeedStore.swift in Sources */,
				4477CE8029FFBD810083FA45 /* ManagedFeedImage.swift in Sources */,
			);
			runOnlyForDeploymentPostprocessing = 0;
		};
		44157E9F298C682A0013D56D /* Sources */ = {
			isa = PBXSourcesBuildPhase;
			buildActionMask = 2147483647;
			files = (
				4427948329EE99E300E75099 /* CodableFeedStoreTests.swift in Sources */,
				44FC56F729EA92B1008B265F /* FeedCacheTestHelpers.swift in Sources */,
				447AEA39299833BC00969AFF /* URLSessionHTTPClientTests.swift in Sources */,
				44FC56F029E5DD56008B265F /* LoadFeedUseCaseTests.swift in Sources */,
				4477CE6D29FCF52F0083FA45 /* XCTestCase+FailableInsertFeedStoreSpecs.swift in Sources */,
				44FC56F229E6A9F9008B265F /* FeedStoreSpy.swift in Sources */,
				44157ED6298DBFEA0013D56D /* LoadFeedFromRemoteUseCaseTests.swift in Sources */,
				44FC56F929EA962F008B265F /* SharedTestHelpers.swift in Sources */,
				44FC56BA29D89539008B265F /* CacheFeedUseCaseTests.swift in Sources */,
				4477CE6F29FCF96E0083FA45 /* XCTestCase+FailableDeleteFeedStoreSpecs.swift in Sources */,
				4477CE6B29FCF1100083FA45 /* XCTestCase+FailableRetrieveFeedStoreSpecs.swift in Sources */,
				44D463FC29A192E1001C91A0 /* XCTestCase+MemoryLeakTracking.swift in Sources */,
				441C34EF29F9DA55001B71D0 /* FeedStoreSpecs.swift in Sources */,
				44FC56F429E84E78008B265F /* ValidateCacheUseCaseTests.swift in Sources */,
				4477CE7229FD4F320083FA45 /* CoreDataFeedStoreTests.swift in Sources */,
				441C34F129F9DBBB001B71D0 /* XCTestCase+FeedStoreSpecs.swift in Sources */,
			);
			runOnlyForDeploymentPostprocessing = 0;
		};
		4477CEA029FFCEA90083FA45 /* Sources */ = {
			isa = PBXSourcesBuildPhase;
			buildActionMask = 2147483647;
			files = (
				4477CEB229FFF1E50083FA45 /* FeedCacheTestHelpers.swift in Sources */,
				4477CEA729FFCEA90083FA45 /* EssentialFeedCacheIntegrationTests.swift in Sources */,
				4477CEAF29FFD9570083FA45 /* XCTestCase+MemoryLeakTracking.swift in Sources */,
				4477CEB129FFF1E00083FA45 /* SharedTestHelpers.swift in Sources */,
			);
			runOnlyForDeploymentPostprocessing = 0;
		};
		44FC56A929D8167D008B265F /* Sources */ = {
			isa = PBXSourcesBuildPhase;
			buildActionMask = 2147483647;
			files = (
				44FC56B029D8167D008B265F /* EssentialFeedAPIEndToEndTests.swift in Sources */,
				44FC56B729D824FC008B265F /* XCTestCase+MemoryLeakTracking.swift in Sources */,
			);
			runOnlyForDeploymentPostprocessing = 0;
		};
/* End PBXSourcesBuildPhase section */

/* Begin PBXTargetDependency section */
		44157EA6298C682A0013D56D /* PBXTargetDependency */ = {
			isa = PBXTargetDependency;
			target = 44157E9A298C682A0013D56D /* EssentialFeed */;
			targetProxy = 44157EA5298C682A0013D56D /* PBXContainerItemProxy */;
		};
		4477CEAA29FFCEA90083FA45 /* PBXTargetDependency */ = {
			isa = PBXTargetDependency;
			target = 44157E9A298C682A0013D56D /* EssentialFeed */;
			targetProxy = 4477CEA929FFCEA90083FA45 /* PBXContainerItemProxy */;
		};
		44FC56B329D8167D008B265F /* PBXTargetDependency */ = {
			isa = PBXTargetDependency;
			target = 44157E9A298C682A0013D56D /* EssentialFeed */;
			targetProxy = 44FC56B229D8167D008B265F /* PBXContainerItemProxy */;
		};
/* End PBXTargetDependency section */

/* Begin XCBuildConfiguration section */
		44157EAB298C682A0013D56D /* Debug */ = {
			isa = XCBuildConfiguration;
			buildSettings = {
				ALWAYS_SEARCH_USER_PATHS = NO;
				CLANG_ANALYZER_NONNULL = YES;
				CLANG_ANALYZER_NUMBER_OBJECT_CONVERSION = YES_AGGRESSIVE;
				CLANG_CXX_LANGUAGE_STANDARD = "gnu++20";
				CLANG_ENABLE_MODULES = YES;
				CLANG_ENABLE_OBJC_ARC = YES;
				CLANG_ENABLE_OBJC_WEAK = YES;
				CLANG_WARN_BLOCK_CAPTURE_AUTORELEASING = YES;
				CLANG_WARN_BOOL_CONVERSION = YES;
				CLANG_WARN_COMMA = YES;
				CLANG_WARN_CONSTANT_CONVERSION = YES;
				CLANG_WARN_DEPRECATED_OBJC_IMPLEMENTATIONS = YES;
				CLANG_WARN_DIRECT_OBJC_ISA_USAGE = YES_ERROR;
				CLANG_WARN_DOCUMENTATION_COMMENTS = YES;
				CLANG_WARN_EMPTY_BODY = YES;
				CLANG_WARN_ENUM_CONVERSION = YES;
				CLANG_WARN_INFINITE_RECURSION = YES;
				CLANG_WARN_INT_CONVERSION = YES;
				CLANG_WARN_NON_LITERAL_NULL_CONVERSION = YES;
				CLANG_WARN_OBJC_IMPLICIT_RETAIN_SELF = YES;
				CLANG_WARN_OBJC_LITERAL_CONVERSION = YES;
				CLANG_WARN_OBJC_ROOT_CLASS = YES_ERROR;
				CLANG_WARN_QUOTED_INCLUDE_IN_FRAMEWORK_HEADER = YES;
				CLANG_WARN_RANGE_LOOP_ANALYSIS = YES;
				CLANG_WARN_STRICT_PROTOTYPES = YES;
				CLANG_WARN_SUSPICIOUS_MOVE = YES;
				CLANG_WARN_UNGUARDED_AVAILABILITY = YES_AGGRESSIVE;
				CLANG_WARN_UNREACHABLE_CODE = YES;
				CLANG_WARN__DUPLICATE_METHOD_MATCH = YES;
				COPY_PHASE_STRIP = NO;
				CURRENT_PROJECT_VERSION = 1;
				DEBUG_INFORMATION_FORMAT = dwarf;
				ENABLE_STRICT_OBJC_MSGSEND = YES;
				ENABLE_TESTABILITY = YES;
				GCC_C_LANGUAGE_STANDARD = gnu11;
				GCC_DYNAMIC_NO_PIC = NO;
				GCC_NO_COMMON_BLOCKS = YES;
				GCC_OPTIMIZATION_LEVEL = 0;
				GCC_PREPROCESSOR_DEFINITIONS = (
					"DEBUG=1",
					"$(inherited)",
				);
				GCC_WARN_64_TO_32_BIT_CONVERSION = YES;
				GCC_WARN_ABOUT_RETURN_TYPE = YES_ERROR;
				GCC_WARN_UNDECLARED_SELECTOR = YES;
				GCC_WARN_UNINITIALIZED_AUTOS = YES_AGGRESSIVE;
				GCC_WARN_UNUSED_FUNCTION = YES;
				GCC_WARN_UNUSED_VARIABLE = YES;
				MACOSX_DEPLOYMENT_TARGET = 13.1;
				MTL_ENABLE_DEBUG_INFO = INCLUDE_SOURCE;
				MTL_FAST_MATH = YES;
				ONLY_ACTIVE_ARCH = YES;
				SDKROOT = macosx;
				SWIFT_ACTIVE_COMPILATION_CONDITIONS = DEBUG;
				SWIFT_OPTIMIZATION_LEVEL = "-Onone";
				VERSIONING_SYSTEM = "apple-generic";
				VERSION_INFO_PREFIX = "";
			};
			name = Debug;
		};
		44157EAC298C682A0013D56D /* Release */ = {
			isa = XCBuildConfiguration;
			buildSettings = {
				ALWAYS_SEARCH_USER_PATHS = NO;
				CLANG_ANALYZER_NONNULL = YES;
				CLANG_ANALYZER_NUMBER_OBJECT_CONVERSION = YES_AGGRESSIVE;
				CLANG_CXX_LANGUAGE_STANDARD = "gnu++20";
				CLANG_ENABLE_MODULES = YES;
				CLANG_ENABLE_OBJC_ARC = YES;
				CLANG_ENABLE_OBJC_WEAK = YES;
				CLANG_WARN_BLOCK_CAPTURE_AUTORELEASING = YES;
				CLANG_WARN_BOOL_CONVERSION = YES;
				CLANG_WARN_COMMA = YES;
				CLANG_WARN_CONSTANT_CONVERSION = YES;
				CLANG_WARN_DEPRECATED_OBJC_IMPLEMENTATIONS = YES;
				CLANG_WARN_DIRECT_OBJC_ISA_USAGE = YES_ERROR;
				CLANG_WARN_DOCUMENTATION_COMMENTS = YES;
				CLANG_WARN_EMPTY_BODY = YES;
				CLANG_WARN_ENUM_CONVERSION = YES;
				CLANG_WARN_INFINITE_RECURSION = YES;
				CLANG_WARN_INT_CONVERSION = YES;
				CLANG_WARN_NON_LITERAL_NULL_CONVERSION = YES;
				CLANG_WARN_OBJC_IMPLICIT_RETAIN_SELF = YES;
				CLANG_WARN_OBJC_LITERAL_CONVERSION = YES;
				CLANG_WARN_OBJC_ROOT_CLASS = YES_ERROR;
				CLANG_WARN_QUOTED_INCLUDE_IN_FRAMEWORK_HEADER = YES;
				CLANG_WARN_RANGE_LOOP_ANALYSIS = YES;
				CLANG_WARN_STRICT_PROTOTYPES = YES;
				CLANG_WARN_SUSPICIOUS_MOVE = YES;
				CLANG_WARN_UNGUARDED_AVAILABILITY = YES_AGGRESSIVE;
				CLANG_WARN_UNREACHABLE_CODE = YES;
				CLANG_WARN__DUPLICATE_METHOD_MATCH = YES;
				COPY_PHASE_STRIP = NO;
				CURRENT_PROJECT_VERSION = 1;
				DEBUG_INFORMATION_FORMAT = "dwarf-with-dsym";
				ENABLE_NS_ASSERTIONS = NO;
				ENABLE_STRICT_OBJC_MSGSEND = YES;
				GCC_C_LANGUAGE_STANDARD = gnu11;
				GCC_NO_COMMON_BLOCKS = YES;
				GCC_WARN_64_TO_32_BIT_CONVERSION = YES;
				GCC_WARN_ABOUT_RETURN_TYPE = YES_ERROR;
				GCC_WARN_UNDECLARED_SELECTOR = YES;
				GCC_WARN_UNINITIALIZED_AUTOS = YES_AGGRESSIVE;
				GCC_WARN_UNUSED_FUNCTION = YES;
				GCC_WARN_UNUSED_VARIABLE = YES;
				MACOSX_DEPLOYMENT_TARGET = 13.1;
				MTL_ENABLE_DEBUG_INFO = NO;
				MTL_FAST_MATH = YES;
				SDKROOT = macosx;
				SWIFT_COMPILATION_MODE = wholemodule;
				SWIFT_OPTIMIZATION_LEVEL = "-O";
				VERSIONING_SYSTEM = "apple-generic";
				VERSION_INFO_PREFIX = "";
			};
			name = Release;
		};
		44157EAE298C682A0013D56D /* Debug */ = {
			isa = XCBuildConfiguration;
			buildSettings = {
				CLANG_ENABLE_MODULES = YES;
				CODE_SIGN_STYLE = Automatic;
				COMBINE_HIDPI_IMAGES = YES;
				CURRENT_PROJECT_VERSION = 1;
				DEFINES_MODULE = YES;
				DEVELOPMENT_TEAM = PQ32JTG8M8;
				DYLIB_COMPATIBILITY_VERSION = 1;
				DYLIB_CURRENT_VERSION = 1;
				DYLIB_INSTALL_NAME_BASE = "@rpath";
				GENERATE_INFOPLIST_FILE = YES;
				INFOPLIST_KEY_NSHumanReadableCopyright = "";
				INSTALL_PATH = "$(LOCAL_LIBRARY_DIR)/Frameworks";
				LD_RUNPATH_SEARCH_PATHS = (
					"$(inherited)",
					"@executable_path/../Frameworks",
					"@loader_path/Frameworks",
				);
				MARKETING_VERSION = 1.0;
				PRODUCT_BUNDLE_IDENTIFIER = Costa.EssentialFeed;
				PRODUCT_NAME = "$(TARGET_NAME:c99extidentifier)";
				SKIP_INSTALL = YES;
				SUPPORTED_PLATFORMS = "macosx iphoneos iphonesimulator";
				SWIFT_EMIT_LOC_STRINGS = YES;
				SWIFT_OPTIMIZATION_LEVEL = "-Onone";
				SWIFT_VERSION = 5.0;
			};
			name = Debug;
		};
		44157EAF298C682A0013D56D /* Release */ = {
			isa = XCBuildConfiguration;
			buildSettings = {
				CLANG_ENABLE_MODULES = YES;
				CODE_SIGN_STYLE = Automatic;
				COMBINE_HIDPI_IMAGES = YES;
				CURRENT_PROJECT_VERSION = 1;
				DEFINES_MODULE = YES;
				DEVELOPMENT_TEAM = PQ32JTG8M8;
				DYLIB_COMPATIBILITY_VERSION = 1;
				DYLIB_CURRENT_VERSION = 1;
				DYLIB_INSTALL_NAME_BASE = "@rpath";
				GENERATE_INFOPLIST_FILE = YES;
				INFOPLIST_KEY_NSHumanReadableCopyright = "";
				INSTALL_PATH = "$(LOCAL_LIBRARY_DIR)/Frameworks";
				LD_RUNPATH_SEARCH_PATHS = (
					"$(inherited)",
					"@executable_path/../Frameworks",
					"@loader_path/Frameworks",
				);
				MARKETING_VERSION = 1.0;
				PRODUCT_BUNDLE_IDENTIFIER = Costa.EssentialFeed;
				PRODUCT_NAME = "$(TARGET_NAME:c99extidentifier)";
				SKIP_INSTALL = YES;
				SUPPORTED_PLATFORMS = "macosx iphoneos iphonesimulator";
				SWIFT_EMIT_LOC_STRINGS = YES;
				SWIFT_VERSION = 5.0;
			};
			name = Release;
		};
		44157EB1298C682A0013D56D /* Debug */ = {
			isa = XCBuildConfiguration;
			buildSettings = {
				ALWAYS_EMBED_SWIFT_STANDARD_LIBRARIES = YES;
				CODE_SIGN_STYLE = Automatic;
				CURRENT_PROJECT_VERSION = 1;
				DEVELOPMENT_TEAM = PQ32JTG8M8;
				GENERATE_INFOPLIST_FILE = YES;
				MARKETING_VERSION = 1.0;
				PRODUCT_BUNDLE_IDENTIFIER = Costa.EssentialFeedTests;
				PRODUCT_NAME = "$(TARGET_NAME)";
				SUPPORTED_PLATFORMS = "macosx iphoneos iphonesimulator";
				SWIFT_EMIT_LOC_STRINGS = NO;
				SWIFT_VERSION = 5.0;
			};
			name = Debug;
		};
		44157EB2298C682A0013D56D /* Release */ = {
			isa = XCBuildConfiguration;
			buildSettings = {
				ALWAYS_EMBED_SWIFT_STANDARD_LIBRARIES = YES;
				CODE_SIGN_STYLE = Automatic;
				CURRENT_PROJECT_VERSION = 1;
				DEVELOPMENT_TEAM = PQ32JTG8M8;
				GENERATE_INFOPLIST_FILE = YES;
				MARKETING_VERSION = 1.0;
				PRODUCT_BUNDLE_IDENTIFIER = Costa.EssentialFeedTests;
				PRODUCT_NAME = "$(TARGET_NAME)";
				SUPPORTED_PLATFORMS = "macosx iphoneos iphonesimulator";
				SWIFT_EMIT_LOC_STRINGS = NO;
				SWIFT_VERSION = 5.0;
			};
			name = Release;
		};
		4477CEAB29FFCEA90083FA45 /* Debug */ = {
			isa = XCBuildConfiguration;
			buildSettings = {
				CODE_SIGN_STYLE = Automatic;
				CURRENT_PROJECT_VERSION = 1;
				DEVELOPMENT_TEAM = PQ32JTG8M8;
				GENERATE_INFOPLIST_FILE = YES;
				MACOSX_DEPLOYMENT_TARGET = 13.2;
				MARKETING_VERSION = 1.0;
				PRODUCT_BUNDLE_IDENTIFIER = Costa.EssentialFeedCacheIntegrationTests;
				PRODUCT_NAME = "$(TARGET_NAME)";
				SUPPORTED_PLATFORMS = macosx;
				SWIFT_EMIT_LOC_STRINGS = NO;
				SWIFT_VERSION = 5.0;
			};
			name = Debug;
		};
		4477CEAC29FFCEA90083FA45 /* Release */ = {
			isa = XCBuildConfiguration;
			buildSettings = {
				CODE_SIGN_STYLE = Automatic;
				CURRENT_PROJECT_VERSION = 1;
				DEVELOPMENT_TEAM = PQ32JTG8M8;
				GENERATE_INFOPLIST_FILE = YES;
				MACOSX_DEPLOYMENT_TARGET = 13.2;
				MARKETING_VERSION = 1.0;
				PRODUCT_BUNDLE_IDENTIFIER = Costa.EssentialFeedCacheIntegrationTests;
				PRODUCT_NAME = "$(TARGET_NAME)";
				SUPPORTED_PLATFORMS = macosx;
				SWIFT_EMIT_LOC_STRINGS = NO;
				SWIFT_VERSION = 5.0;
			};
			name = Release;
		};
		44FC56B429D8167D008B265F /* Debug */ = {
			isa = XCBuildConfiguration;
			buildSettings = {
				CODE_SIGN_STYLE = Automatic;
				CURRENT_PROJECT_VERSION = 1;
				DEVELOPMENT_TEAM = PQ32JTG8M8;
				GENERATE_INFOPLIST_FILE = YES;
				MARKETING_VERSION = 1.0;
				PRODUCT_BUNDLE_IDENTIFIER = Costa.EssentialFeedAPIEndToEndTests;
				PRODUCT_NAME = "$(TARGET_NAME)";
				SUPPORTED_PLATFORMS = macosx;
				SWIFT_EMIT_LOC_STRINGS = NO;
				SWIFT_VERSION = 5.0;
			};
			name = Debug;
		};
		44FC56B529D8167D008B265F /* Release */ = {
			isa = XCBuildConfiguration;
			buildSettings = {
				CODE_SIGN_STYLE = Automatic;
				CURRENT_PROJECT_VERSION = 1;
				DEVELOPMENT_TEAM = PQ32JTG8M8;
				GENERATE_INFOPLIST_FILE = YES;
				MARKETING_VERSION = 1.0;
				PRODUCT_BUNDLE_IDENTIFIER = Costa.EssentialFeedAPIEndToEndTests;
				PRODUCT_NAME = "$(TARGET_NAME)";
				SUPPORTED_PLATFORMS = macosx;
				SWIFT_EMIT_LOC_STRINGS = NO;
				SWIFT_VERSION = 5.0;
			};
			name = Release;
		};
/* End XCBuildConfiguration section */

/* Begin XCConfigurationList section */
		44157E95298C682A0013D56D /* Build configuration list for PBXProject "EssentialFeed" */ = {
			isa = XCConfigurationList;
			buildConfigurations = (
				44157EAB298C682A0013D56D /* Debug */,
				44157EAC298C682A0013D56D /* Release */,
			);
			defaultConfigurationIsVisible = 0;
			defaultConfigurationName = Release;
		};
		44157EAD298C682A0013D56D /* Build configuration list for PBXNativeTarget "EssentialFeed" */ = {
			isa = XCConfigurationList;
			buildConfigurations = (
				44157EAE298C682A0013D56D /* Debug */,
				44157EAF298C682A0013D56D /* Release */,
			);
			defaultConfigurationIsVisible = 0;
			defaultConfigurationName = Release;
		};
		44157EB0298C682A0013D56D /* Build configuration list for PBXNativeTarget "EssentialFeedTests" */ = {
			isa = XCConfigurationList;
			buildConfigurations = (
				44157EB1298C682A0013D56D /* Debug */,
				44157EB2298C682A0013D56D /* Release */,
			);
			defaultConfigurationIsVisible = 0;
			defaultConfigurationName = Release;
		};
		4477CEAD29FFCEA90083FA45 /* Build configuration list for PBXNativeTarget "EssentialFeedCacheIntegrationTests" */ = {
			isa = XCConfigurationList;
			buildConfigurations = (
				4477CEAB29FFCEA90083FA45 /* Debug */,
				4477CEAC29FFCEA90083FA45 /* Release */,
			);
			defaultConfigurationIsVisible = 0;
			defaultConfigurationName = Release;
		};
		44FC56B629D8167D008B265F /* Build configuration list for PBXNativeTarget "EssentialFeedAPIEndToEndTests" */ = {
			isa = XCConfigurationList;
			buildConfigurations = (
				44FC56B429D8167D008B265F /* Debug */,
				44FC56B529D8167D008B265F /* Release */,
			);
			defaultConfigurationIsVisible = 0;
			defaultConfigurationName = Release;
		};
/* End XCConfigurationList section */

/* Begin XCVersionGroup section */
		4477CE7529FD59550083FA45 /* FeedStore.xcdatamodeld */ = {
			isa = XCVersionGroup;
			children = (
				4477CE7629FD59550083FA45 /* FeedStore.xcdatamodel */,
			);
			currentVersion = 4477CE7629FD59550083FA45 /* FeedStore.xcdatamodel */;
			path = FeedStore.xcdatamodeld;
			sourceTree = "<group>";
			versionGroupType = wrapper.xcdatamodel;
		};
/* End XCVersionGroup section */
	};
	rootObject = 44157E92298C682A0013D56D /* Project object */;
}
